
Microsoft Visual Studio Solution File, Format Version 12.00
# Visual Studio Version 16
VisualStudioVersion = 16.0.29911.84
MinimumVisualStudioVersion = 10.0.40219.1
Project("{FAE04EC0-301F-11D3-BF4B-00C04F79EFBC}") = "fingu_minecraft_launcher", "fingu_minecraft_launcher\fingu_minecraft_launcher.csproj", "{44AFB586-867A-457D-878F-2C2DD48D2591}"
EndProject
Global
	GlobalSection(SolutionConfigurationPlatforms) = preSolution
		Debug|Any CPU = Debug|Any CPU
		Release|Any CPU = Release|Any CPU
	EndGlobalSection
	GlobalSection(ProjectConfigurationPlatforms) = postSolution
		{44AFB586-867A-457D-878F-2C2DD48D2591}.Debug|Any CPU.ActiveCfg = Debug|Any CPU
		{44AFB586-867A-457D-878F-2C2DD48D2591}.Debug|Any CPU.Build.0 = Debug|Any CPU
		{44AFB586-867A-457D-878F-2C2DD48D2591}.Release|Any CPU.ActiveCfg = Release|Any CPU
		{44AFB586-867A-457D-878F-2C2DD48D2591}.Release|Any CPU.Build.0 = Release|Any CPU
	EndGlobalSection
	GlobalSection(SolutionProperties) = preSolution
		HideSolutionNode = FALSE
	EndGlobalSection
	GlobalSection(ExtensibilityGlobals) = postSolution
		SolutionGuid = {17B1CE9A-7B4E-40F4-90F7-DC1A3E639F6F}
	EndGlobalSection
EndGlobal
